PODS:
  - AKMaskField (2.0.3)
  - CardInput (0.4.7):
    - AKMaskField

DEPENDENCIES:
  - AKMaskField
  - CardInput (from `../`)

EXTERNAL SOURCES:
  CardInput:
    :path: ../

SPEC CHECKSUMS:
  AKMaskField: b6d147524813e62cd3f15475fa2200ce7a3d2620
  CardInput: 79ab831de96121fb2136632c76b3979af69eb631

PODFILE CHECKSUM: 077e169a90f84be8868e8719cfacf0d880cc9d07

COCOAPODS: 1.4.0
