// !$*UTF8*$!
{
	archiveVersion = 1;
	classes = {
	};
	objectVersion = 50;
	objects = {

/* Begin PBXBuildFile section */
		7579AD53215293BF0017E2D6 /* Appearance.swift in Sources */ = {isa = PBXBuildFile; fileRef = 7579AD33215293BF0017E2D6 /* Appearance.swift */; };
		7579AD56215293BF0017E2D6 /* Consraint+UIView.swift in Sources */ = {isa = PBXBuildFile; fileRef = 7579AD3A215293BF0017E2D6 /* Consraint+UIView.swift */; };
		7579AD57215293BF0017E2D6 /* Appearance+UIView.swift in Sources */ = {isa = PBXBuildFile; fileRef = 7579AD3B215293BF0017E2D6 /* Appearance+UIView.swift */; };
		7579AD5A215293BF0017E2D6 /* CardInputNumberView.xib in Resources */ = {isa = PBXBuildFile; fileRef = 7579AD40215293BF0017E2D6 /* CardInputNumberView.xib */; };
		7579AD5B215293BF0017E2D6 /* CardInputView.xib in Resources */ = {isa = PBXBuildFile; fileRef = 7579AD41215293BF0017E2D6 /* CardInputView.xib */; };
		7579AD5C215293BF0017E2D6 /* CardInputNumberView.swift in Sources */ = {isa = PBXBuildFile; fileRef = 7579AD42215293BF0017E2D6 /* CardInputNumberView.swift */; };
		7579AD5D215293BF0017E2D6 /* CardInputValidThruView.xib in Resources */ = {isa = PBXBuildFile; fileRef = 7579AD43215293BF0017E2D6 /* CardInputValidThruView.xib */; };
		7579AD5E215293BF0017E2D6 /* CardInputHolderView.xib in Resources */ = {isa = PBXBuildFile; fileRef = 7579AD44215293BF0017E2D6 /* CardInputHolderView.xib */; };
		7579AD5F215293BF0017E2D6 /* CardInputView.swift in Sources */ = {isa = PBXBuildFile; fileRef = 7579AD45215293BF0017E2D6 /* CardInputView.swift */; };
		7579AD60215293BF0017E2D6 /* CardInputScrollView.swift in Sources */ = {isa = PBXBuildFile; fileRef = 7579AD46215293BF0017E2D6 /* CardInputScrollView.swift */; };
		7579AD61215293BF0017E2D6 /* CardInputHolderView.swift in Sources */ = {isa = PBXBuildFile; fileRef = 7579AD47215293BF0017E2D6 /* CardInputHolderView.swift */; };
		7579AD62215293BF0017E2D6 /* CardInputValidThruView.swift in Sources */ = {isa = PBXBuildFile; fileRef = 7579AD48215293BF0017E2D6 /* CardInputValidThruView.swift */; };
		7579AD63215293BF0017E2D6 /* ViewController.swift in Sources */ = {isa = PBXBuildFile; fileRef = 7579AD4A215293BF0017E2D6 /* ViewController.swift */; };
		7579AD64215293BF0017E2D6 /* Assets.xcassets in Resources */ = {isa = PBXBuildFile; fileRef = 7579AD4B215293BF0017E2D6 /* Assets.xcassets */; };
		7579AD65215293BF0017E2D6 /* LaunchScreen.storyboard in Resources */ = {isa = PBXBuildFile; fileRef = 7579AD4C215293BF0017E2D6 /* LaunchScreen.storyboard */; };
		7579AD66215293BF0017E2D6 /* Main.storyboard in Resources */ = {isa = PBXBuildFile; fileRef = 7579AD4E215293BF0017E2D6 /* Main.storyboard */; };
		7579AD67215293BF0017E2D6 /* AppDelegate.swift in Sources */ = {isa = PBXBuildFile; fileRef = 7579AD50215293BF0017E2D6 /* AppDelegate.swift */; };
		75DA2E4821456D250073C3DF /* CardInputTests.swift in Sources */ = {isa = PBXBuildFile; fileRef = 75DA2E4721456D250073C3DF /* CardInputTests.swift */; };
		75DA2E5321456D250073C3DF /* CardInputUITests.swift in Sources */ = {isa = PBXBuildFile; fileRef = 75DA2E5221456D250073C3DF /* CardInputUITests.swift */; };
		75FE4F65215299FA00C86090 /* CardInput.xcassets in Resources */ = {isa = PBXBuildFile; fileRef = 75FE4F62215299FA00C86090 /* CardInput.xcassets */; };
		75FE4F66215299FA00C86090 /* ocraextended.ttf in Resources */ = {isa = PBXBuildFile; fileRef = 75FE4F63215299FA00C86090 /* ocraextended.ttf */; };
		C8082AF54606958D7864D058 /* Pods_CardInput.framework in Frameworks */ = {isa = PBXBuildFile; fileRef = CB732BF281A8E501E206D4CB /* Pods_CardInput.framework */; };
/* End PBXBuildFile section */

/* Begin PBXContainerItemProxy section */
		75DA2E4421456D250073C3DF /* PBXContainerItemProxy */ = {
			isa = PBXContainerItemProxy;
			containerPortal = 75DA2E2721456D220073C3DF /* Project object */;
			proxyType = 1;
			remoteGlobalIDString = 75DA2E2E21456D220073C3DF;
			remoteInfo = CardInput;
		};
		75DA2E4F21456D250073C3DF /* PBXContainerItemProxy */ = {
			isa = PBXContainerItemProxy;
			containerPortal = 75DA2E2721456D220073C3DF /* Project object */;
			proxyType = 1;
			remoteGlobalIDString = 75DA2E2E21456D220073C3DF;
			remoteInfo = CardInput;
		};
/* End PBXContainerItemProxy section */

/* Begin PBXFileReference section */
		2647B34702D20D7F1587A4C6 /* Pods-CardInput.release.xcconfig */ = {isa = PBXFileReference; includeInIndex = 1; lastKnownFileType = text.xcconfig; name = "Pods-CardInput.release.xcconfig"; path = "Pods/Target Support Files/Pods-CardInput/Pods-CardInput.release.xcconfig"; sourceTree = "<group>"; };
		7579AD33215293BF0017E2D6 /* Appearance.swift */ = {isa = PBXFileReference; fileEncoding = 4; lastKnownFileType = sourcecode.swift; path = Appearance.swift; sourceTree = "<group>"; };
		7579AD3A215293BF0017E2D6 /* Consraint+UIView.swift */ = {isa = PBXFileReference; fileEncoding = 4; lastKnownFileType = sourcecode.swift; path = "Consraint+UIView.swift"; sourceTree = "<group>"; };
		7579AD3B215293BF0017E2D6 /* Appearance+UIView.swift */ = {isa = PBXFileReference; fileEncoding = 4; lastKnownFileType = sourcecode.swift; path = "Appearance+UIView.swift"; sourceTree = "<group>"; };
		7579AD40215293BF0017E2D6 /* CardInputNumberView.xib */ = {isa = PBXFileReference; fileEncoding = 4; lastKnownFileType = file.xib; path = CardInputNumberView.xib; sourceTree = "<group>"; };
		7579AD41215293BF0017E2D6 /* CardInputView.xib */ = {isa = PBXFileReference; fileEncoding = 4; lastKnownFileType = file.xib; path = CardInputView.xib; sourceTree = "<group>"; };
		7579AD42215293BF0017E2D6 /* CardInputNumberView.swift */ = {isa = PBXFileReference; fileEncoding = 4; lastKnownFileType = sourcecode.swift; path = CardInputNumberView.swift; sourceTree = "<group>"; };
		7579AD43215293BF0017E2D6 /* CardInputValidThruView.xib */ = {isa = PBXFileReference; fileEncoding = 4; lastKnownFileType = file.xib; path = CardInputValidThruView.xib; sourceTree = "<group>"; };
		7579AD44215293BF0017E2D6 /* CardInputHolderView.xib */ = {isa = PBXFileReference; fileEncoding = 4; lastKnownFileType = file.xib; path = CardInputHolderView.xib; sourceTree = "<group>"; };
		7579AD45215293BF0017E2D6 /* CardInputView.swift */ = {isa = PBXFileReference; fileEncoding = 4; lastKnownFileType = sourcecode.swift; path = CardInputView.swift; sourceTree = "<group>"; };
		7579AD46215293BF0017E2D6 /* CardInputScrollView.swift */ = {isa = PBXFileReference; fileEncoding = 4; lastKnownFileType = sourcecode.swift; path = CardInputScrollView.swift; sourceTree = "<group>"; };
		7579AD47215293BF0017E2D6 /* CardInputHolderView.swift */ = {isa = PBXFileReference; fileEncoding = 4; lastKnownFileType = sourcecode.swift; path = CardInputHolderView.swift; sourceTree = "<group>"; };
		7579AD48215293BF0017E2D6 /* CardInputValidThruView.swift */ = {isa = PBXFileReference; fileEncoding = 4; lastKnownFileType = sourcecode.swift; path = CardInputValidThruView.swift; sourceTree = "<group>"; };
		7579AD4A215293BF0017E2D6 /* ViewController.swift */ = {isa = PBXFileReference; fileEncoding = 4; lastKnownFileType = sourcecode.swift; path = ViewController.swift; sourceTree = "<group>"; };
		7579AD4B215293BF0017E2D6 /* Assets.xcassets */ = {isa = PBXFileReference; lastKnownFileType = folder.assetcatalog; path = Assets.xcassets; sourceTree = "<group>"; };
		7579AD4D215293BF0017E2D6 /* Base */ = {isa = PBXFileReference; lastKnownFileType = file.storyboard; name = Base; path = Base.lproj/LaunchScreen.storyboard; sourceTree = "<group>"; };
		7579AD4F215293BF0017E2D6 /* Base */ = {isa = PBXFileReference; lastKnownFileType = file.storyboard; name = Base; path = Base.lproj/Main.storyboard; sourceTree = "<group>"; };
		7579AD50215293BF0017E2D6 /* AppDelegate.swift */ = {isa = PBXFileReference; fileEncoding = 4; lastKnownFileType = sourcecode.swift; path = AppDelegate.swift; sourceTree = "<group>"; };
		7579AD51215293BF0017E2D6 /* Info.plist */ = {isa = PBXFileReference; fileEncoding = 4; lastKnownFileType = text.plist.xml; path = Info.plist; sourceTree = "<group>"; };
		75DA2E2F21456D220073C3DF /* CardInput.app */ = {isa = PBXFileReference; explicitFileType = wrapper.application; includeInIndex = 0; path = CardInput.app; sourceTree = BUILT_PRODUCTS_DIR; };
		75DA2E4321456D250073C3DF /* CardInputTests.xctest */ = {isa = PBXFileReference; explicitFileType = wrapper.cfbundle; includeInIndex = 0; path = CardInputTests.xctest; sourceTree = BUILT_PRODUCTS_DIR; };
		75DA2E4721456D250073C3DF /* CardInputTests.swift */ = {isa = PBXFileReference; lastKnownFileType = sourcecode.swift; path = CardInputTests.swift; sourceTree = "<group>"; };
		75DA2E4921456D250073C3DF /* Info.plist */ = {isa = PBXFileReference; lastKnownFileType = text.plist.xml; path = Info.plist; sourceTree = "<group>"; };
		75DA2E4E21456D250073C3DF /* CardInputUITests.xctest */ = {isa = PBXFileReference; explicitFileType = wrapper.cfbundle; includeInIndex = 0; path = CardInputUITests.xctest; sourceTree = BUILT_PRODUCTS_DIR; };
		75DA2E5221456D250073C3DF /* CardInputUITests.swift */ = {isa = PBXFileReference; lastKnownFileType = sourcecode.swift; path = CardInputUITests.swift; sourceTree = "<group>"; };
		75DA2E5421456D250073C3DF /* Info.plist */ = {isa = PBXFileReference; lastKnownFileType = text.plist.xml; path = Info.plist; sourceTree = "<group>"; };
		75FE4F62215299FA00C86090 /* CardInput.xcassets */ = {isa = PBXFileReference; lastKnownFileType = folder.assetcatalog; path = CardInput.xcassets; sourceTree = "<group>"; };
		75FE4F63215299FA00C86090 /* ocraextended.ttf */ = {isa = PBXFileReference; lastKnownFileType = file; path = ocraextended.ttf; sourceTree = "<group>"; };
		CB732BF281A8E501E206D4CB /* Pods_CardInput.framework */ = {isa = PBXFileReference; explicitFileType = wrapper.framework; includeInIndex = 0; path = Pods_CardInput.framework; sourceTree = BUILT_PRODUCTS_DIR; };
		E146958556EC9BAE5344F255 /* Pods-CardInput.debug.xcconfig */ = {isa = PBXFileReference; includeInIndex = 1; lastKnownFileType = text.xcconfig; name = "Pods-CardInput.debug.xcconfig"; path = "Pods/Target Support Files/Pods-CardInput/Pods-CardInput.debug.xcconfig"; sourceTree = "<group>"; };
/* End PBXFileReference section */

/* Begin PBXFrameworksBuildPhase section */
		75DA2E2C21456D220073C3DF /* Frameworks */ = {
			isa = PBXFrameworksBuildPhase;
			buildActionMask = 2147483647;
			files = (
				C8082AF54606958D7864D058 /* Pods_CardInput.framework in Frameworks */,
			);
			runOnlyForDeploymentPostprocessing = 0;
		};
		75DA2E4021456D250073C3DF /* Frameworks */ = {
			isa = PBXFrameworksBuildPhase;
			buildActionMask = 2147483647;
			files = (
			);
			runOnlyForDeploymentPostprocessing = 0;
		};
		75DA2E4B21456D250073C3DF /* Frameworks */ = {
			isa = PBXFrameworksBuildPhase;
			buildActionMask = 2147483647;
			files = (
			);
			runOnlyForDeploymentPostprocessing = 0;
		};
/* End PBXFrameworksBuildPhase section */

/* Begin PBXGroup section */
		7579AD2F215293BF0017E2D6 /* CardInput */ = {
			isa = PBXGroup;
			children = (
				7579AD30215293BF0017E2D6 /* classes */,
				7579AD34215293BF0017E2D6 /* resources */,
				7579AD39215293BF0017E2D6 /* extensions */,
				7579AD3F215293BF0017E2D6 /* views */,
			);
			name = CardInput;
			sourceTree = "<group>";
		};
		7579AD30215293BF0017E2D6 /* classes */ = {
			isa = PBXGroup;
			children = (
				7579AD33215293BF0017E2D6 /* Appearance.swift */,
			);
			path = classes;
			sourceTree = "<group>";
		};
		7579AD34215293BF0017E2D6 /* resources */ = {
			isa = PBXGroup;
			children = (
				75FE4F62215299FA00C86090 /* CardInput.xcassets */,
				75FE4F63215299FA00C86090 /* ocraextended.ttf */,
			);
			path = resources;
			sourceTree = "<group>";
		};
		7579AD39215293BF0017E2D6 /* extensions */ = {
			isa = PBXGroup;
			children = (
				7579AD3A215293BF0017E2D6 /* Consraint+UIView.swift */,
				7579AD3B215293BF0017E2D6 /* Appearance+UIView.swift */,
			);
			path = extensions;
			sourceTree = "<group>";
		};
		7579AD3F215293BF0017E2D6 /* views */ = {
			isa = PBXGroup;
			children = (
				7579AD47215293BF0017E2D6 /* CardInputHolderView.swift */,
				7579AD44215293BF0017E2D6 /* CardInputHolderView.xib */,
				7579AD42215293BF0017E2D6 /* CardInputNumberView.swift */,
				7579AD40215293BF0017E2D6 /* CardInputNumberView.xib */,
				7579AD46215293BF0017E2D6 /* CardInputScrollView.swift */,
				7579AD48215293BF0017E2D6 /* CardInputValidThruView.swift */,
				7579AD43215293BF0017E2D6 /* CardInputValidThruView.xib */,
				7579AD45215293BF0017E2D6 /* CardInputView.swift */,
				7579AD41215293BF0017E2D6 /* CardInputView.xib */,
			);
			path = views;
			sourceTree = "<group>";
		};
		7579AD49215293BF0017E2D6 /* Demo */ = {
			isa = PBXGroup;
			children = (
				7579AD4A215293BF0017E2D6 /* ViewController.swift */,
				7579AD4B215293BF0017E2D6 /* Assets.xcassets */,
				7579AD4C215293BF0017E2D6 /* LaunchScreen.storyboard */,
				7579AD4E215293BF0017E2D6 /* Main.storyboard */,
				7579AD50215293BF0017E2D6 /* AppDelegate.swift */,
				7579AD51215293BF0017E2D6 /* Info.plist */,
			);
			path = Demo;
			sourceTree = SOURCE_ROOT;
		};
		75DA2E2621456D220073C3DF = {
			isa = PBXGroup;
			children = (
				75DA2E3121456D220073C3DF /* CardInput */,
				75DA2E4621456D250073C3DF /* CardInputTests */,
				75DA2E5121456D250073C3DF /* CardInputUITests */,
				75DA2E3021456D220073C3DF /* Products */,
				AAEB11691C0EE9713EF4C5A5 /* Pods */,
				BCF97EB4995D95EA9C641C23 /* Frameworks */,
			);
			sourceTree = "<group>";
		};
		75DA2E3021456D220073C3DF /* Products */ = {
			isa = PBXGroup;
			children = (
				75DA2E2F21456D220073C3DF /* CardInput.app */,
				75DA2E4321456D250073C3DF /* CardInputTests.xctest */,
				75DA2E4E21456D250073C3DF /* CardInputUITests.xctest */,
			);
			name = Products;
			sourceTree = "<group>";
		};
		75DA2E3121456D220073C3DF /* CardInput */ = {
			isa = PBXGroup;
			children = (
				7579AD2F215293BF0017E2D6 /* CardInput */,
				7579AD49215293BF0017E2D6 /* Demo */,
			);
			path = CardInput;
			sourceTree = "<group>";
		};
		75DA2E4621456D250073C3DF /* CardInputTests */ = {
			isa = PBXGroup;
			children = (
				75DA2E4721456D250073C3DF /* CardInputTests.swift */,
				75DA2E4921456D250073C3DF /* Info.plist */,
			);
			path = CardInputTests;
			sourceTree = "<group>";
		};
		75DA2E5121456D250073C3DF /* CardInputUITests */ = {
			isa = PBXGroup;
			children = (
				75DA2E5221456D250073C3DF /* CardInputUITests.swift */,
				75DA2E5421456D250073C3DF /* Info.plist */,
			);
			path = CardInputUITests;
			sourceTree = "<group>";
		};
		AAEB11691C0EE9713EF4C5A5 /* Pods */ = {
			isa = PBXGroup;
			children = (
				E146958556EC9BAE5344F255 /* Pods-CardInput.debug.xcconfig */,
				2647B34702D20D7F1587A4C6 /* Pods-CardInput.release.xcconfig */,
			);
			name = Pods;
			sourceTree = "<group>";
		};
		BCF97EB4995D95EA9C641C23 /* Frameworks */ = {
			isa = PBXGroup;
			children = (
				CB732BF281A8E501E206D4CB /* Pods_CardInput.framework */,
			);
			name = Frameworks;
			sourceTree = "<group>";
		};
/* End PBXGroup section */

/* Begin PBXNativeTarget section */
		75DA2E2E21456D220073C3DF /* CardInput */ = {
			isa = PBXNativeTarget;
			buildConfigurationList = 75DA2E5721456D250073C3DF /* Build configuration list for PBXNativeTarget "CardInput" */;
			buildPhases = (
				B6C994082FE98C9CC64CCD14 /* [CP] Check Pods Manifest.lock */,
				75DA2E2B21456D220073C3DF /* Sources */,
				75DA2E2C21456D220073C3DF /* Frameworks */,
				75DA2E2D21456D220073C3DF /* Resources */,
				5D132B1B35B7120E00CA4671 /* [CP] Embed Pods Frameworks */,
				14988BC75C820E60993972F4 /* [CP] Copy Pods Resources */,
			);
			buildRules = (
			);
			dependencies = (
			);
			name = CardInput;
			productName = CardInput;
			productReference = 75DA2E2F21456D220073C3DF /* CardInput.app */;
			productType = "com.apple.product-type.application";
		};
		75DA2E4221456D250073C3DF /* CardInputTests */ = {
			isa = PBXNativeTarget;
			buildConfigurationList = 75DA2E5A21456D250073C3DF /* Build configuration list for PBXNativeTarget "CardInputTests" */;
			buildPhases = (
				75DA2E3F21456D250073C3DF /* Sources */,
				75DA2E4021456D250073C3DF /* Frameworks */,
				75DA2E4121456D250073C3DF /* Resources */,
			);
			buildRules = (
			);
			dependencies = (
				75DA2E4521456D250073C3DF /* PBXTargetDependency */,
			);
			name = CardInputTests;
			productName = CardInputTests;
			productReference = 75DA2E4321456D250073C3DF /* CardInputTests.xctest */;
			productType = "com.apple.product-type.bundle.unit-test";
		};
		75DA2E4D21456D250073C3DF /* CardInputUITests */ = {
			isa = PBXNativeTarget;
			buildConfigurationList = 75DA2E5D21456D250073C3DF /* Build configuration list for PBXNativeTarget "CardInputUITests" */;
			buildPhases = (
				75DA2E4A21456D250073C3DF /* Sources */,
				75DA2E4B21456D250073C3DF /* Frameworks */,
				75DA2E4C21456D250073C3DF /* Resources */,
			);
			buildRules = (
			);
			dependencies = (
				75DA2E5021456D250073C3DF /* PBXTargetDependency */,
			);
			name = CardInputUITests;
			productName = CardInputUITests;
			productReference = 75DA2E4E21456D250073C3DF /* CardInputUITests.xctest */;
			productType = "com.apple.product-type.bundle.ui-testing";
		};
/* End PBXNativeTarget section */

/* Begin PBXProject section */
		75DA2E2721456D220073C3DF /* Project object */ = {
			isa = PBXProject;
			attributes = {
				LastSwiftUpdateCheck = 1000;
				LastUpgradeCheck = 1000;
				ORGANIZATIONNAME = "Mahmut Pınarbaşı";
				TargetAttributes = {
					75DA2E2E21456D220073C3DF = {
						CreatedOnToolsVersion = 10.0;
					};
					75DA2E4221456D250073C3DF = {
						CreatedOnToolsVersion = 10.0;
						TestTargetID = 75DA2E2E21456D220073C3DF;
					};
					75DA2E4D21456D250073C3DF = {
						CreatedOnToolsVersion = 10.0;
						TestTargetID = 75DA2E2E21456D220073C3DF;
					};
				};
			};
			buildConfigurationList = 75DA2E2A21456D220073C3DF /* Build configuration list for PBXProject "CardInput" */;
			compatibilityVersion = "Xcode 9.3";
			developmentRegion = en;
			hasScannedForEncodings = 0;
			knownRegions = (
				en,
				Base,
			);
			mainGroup = 75DA2E2621456D220073C3DF;
			productRefGroup = 75DA2E3021456D220073C3DF /* Products */;
			projectDirPath = "";
			projectRoot = "";
			targets = (
				75DA2E2E21456D220073C3DF /* CardInput */,
				75DA2E4221456D250073C3DF /* CardInputTests */,
				75DA2E4D21456D250073C3DF /* CardInputUITests */,
			);
		};
/* End PBXProject section */

/* Begin PBXResourcesBuildPhase section */
		75DA2E2D21456D220073C3DF /* Resources */ = {
			isa = PBXResourcesBuildPhase;
			buildActionMask = 2147483647;
			files = (
				7579AD65215293BF0017E2D6 /* LaunchScreen.storyboard in Resources */,
				75FE4F65215299FA00C86090 /* CardInput.xcassets in Resources */,
				75FE4F66215299FA00C86090 /* ocraextended.ttf in Resources */,
				7579AD66215293BF0017E2D6 /* Main.storyboard in Resources */,
				7579AD5D215293BF0017E2D6 /* CardInputValidThruView.xib in Resources */,
				7579AD5E215293BF0017E2D6 /* CardInputHolderView.xib in Resources */,
				7579AD5A215293BF0017E2D6 /* CardInputNumberView.xib in Resources */,
				7579AD5B215293BF0017E2D6 /* CardInputView.xib in Resources */,
				7579AD64215293BF0017E2D6 /* Assets.xcassets in Resources */,
			);
			runOnlyForDeploymentPostprocessing = 0;
		};
		75DA2E4121456D250073C3DF /* Resources */ = {
			isa = PBXResourcesBuildPhase;
			buildActionMask = 2147483647;
			files = (
			);
			runOnlyForDeploymentPostprocessing = 0;
		};
		75DA2E4C21456D250073C3DF /* Resources */ = {
			isa = PBXResourcesBuildPhase;
			buildActionMask = 2147483647;
			files = (
			);
			runOnlyForDeploymentPostprocessing = 0;
		};
/* End PBXResourcesBuildPhase section */

/* Begin PBXShellScriptBuildPhase section */
		14988BC75C820E60993972F4 /* [CP] Copy Pods Resources */ = {
			isa = PBXShellScriptBuildPhase;
			buildActionMask = 2147483647;
			files = (
			);
			inputPaths = (
			);
			name = "[CP] Copy Pods Resources";
			outputPaths = (
			);
			runOnlyForDeploymentPostprocessing = 0;
			shellPath = /bin/sh;
			shellScript = "\"${SRCROOT}/Pods/Target Support Files/Pods-CardInput/Pods-CardInput-resources.sh\"\n";
			showEnvVarsInLog = 0;
		};
		5D132B1B35B7120E00CA4671 /* [CP] Embed Pods Frameworks */ = {
			isa = PBXShellScriptBuildPhase;
			buildActionMask = 2147483647;
			files = (
			);
			inputPaths = (
				"${SRCROOT}/Pods/Target Support Files/Pods-CardInput/Pods-CardInput-frameworks.sh",
				"${BUILT_PRODUCTS_DIR}/AKMaskField/AKMaskField.framework",
			);
			name = "[CP] Embed Pods Frameworks";
			outputPaths = (
				"${TARGET_BUILD_DIR}/${FRAMEWORKS_FOLDER_PATH}/AKMaskField.framework",
			);
			runOnlyForDeploymentPostprocessing = 0;
			shellPath = /bin/sh;
			shellScript = "\"${SRCROOT}/Pods/Target Support Files/Pods-CardInput/Pods-CardInput-frameworks.sh\"\n";
			showEnvVarsInLog = 0;
		};
		B6C994082FE98C9CC64CCD14 /* [CP] Check Pods Manifest.lock */ = {
			isa = PBXShellScriptBuildPhase;
			buildActionMask = 2147483647;
			files = (
			);
			inputPaths = (
				"${PODS_PODFILE_DIR_PATH}/Podfile.lock",
				"${PODS_ROOT}/Manifest.lock",
			);
			name = "[CP] Check Pods Manifest.lock";
			outputPaths = (
				"$(DERIVED_FILE_DIR)/Pods-CardInput-checkManifestLockResult.txt",
			);
			runOnlyForDeploymentPostprocessing = 0;
			shellPath = /bin/sh;
			shellScript = "diff \"${PODS_PODFILE_DIR_PATH}/Podfile.lock\" \"${PODS_ROOT}/Manifest.lock\" > /dev/null\nif [ $? != 0 ] ; then\n    # print error to STDERR\n    echo \"error: The sandbox is not in sync with the Podfile.lock. Run 'pod install' or update your CocoaPods installation.\" >&2\n    exit 1\nfi\n# This output is used by Xcode 'outputs' to avoid re-running this script phase.\necho \"SUCCESS\" > \"${SCRIPT_OUTPUT_FILE_0}\"\n";
			showEnvVarsInLog = 0;
		};
/* End PBXShellScriptBuildPhase section */

/* Begin PBXSourcesBuildPhase section */
		75DA2E2B21456D220073C3DF /* Sources */ = {
			isa = PBXSourcesBuildPhase;
			buildActionMask = 2147483647;
			files = (
				7579AD67215293BF0017E2D6 /* AppDelegate.swift in Sources */,
				7579AD60215293BF0017E2D6 /* CardInputScrollView.swift in Sources */,
				7579AD56215293BF0017E2D6 /* Consraint+UIView.swift in Sources */,
				7579AD62215293BF0017E2D6 /* CardInputValidThruView.swift in Sources */,
				7579AD63215293BF0017E2D6 /* ViewController.swift in Sources */,
				7579AD57215293BF0017E2D6 /* Appearance+UIView.swift in Sources */,
				7579AD61215293BF0017E2D6 /* CardInputHolderView.swift in Sources */,
				7579AD5F215293BF0017E2D6 /* CardInputView.swift in Sources */,
				7579AD5C215293BF0017E2D6 /* CardInputNumberView.swift in Sources */,
				7579AD53215293BF0017E2D6 /* Appearance.swift in Sources */,
			);
			runOnlyForDeploymentPostprocessing = 0;
		};
		75DA2E3F21456D250073C3DF /* Sources */ = {
			isa = PBXSourcesBuildPhase;
			buildActionMask = 2147483647;
			files = (
				75DA2E4821456D250073C3DF /* CardInputTests.swift in Sources */,
			);
			runOnlyForDeploymentPostprocessing = 0;
		};
		75DA2E4A21456D250073C3DF /* Sources */ = {
			isa = PBXSourcesBuildPhase;
			buildActionMask = 2147483647;
			files = (
				75DA2E5321456D250073C3DF /* CardInputUITests.swift in Sources */,
			);
			runOnlyForDeploymentPostprocessing = 0;
		};
/* End PBXSourcesBuildPhase section */

/* Begin PBXTargetDependency section */
		75DA2E4521456D250073C3DF /* PBXTargetDependency */ = {
			isa = PBXTargetDependency;
			target = 75DA2E2E21456D220073C3DF /* CardInput */;
			targetProxy = 75DA2E4421456D250073C3DF /* PBXContainerItemProxy */;
		};
		75DA2E5021456D250073C3DF /* PBXTargetDependency */ = {
			isa = PBXTargetDependency;
			target = 75DA2E2E21456D220073C3DF /* CardInput */;
			targetProxy = 75DA2E4F21456D250073C3DF /* PBXContainerItemProxy */;
		};
/* End PBXTargetDependency section */

/* Begin PBXVariantGroup section */
		7579AD4C215293BF0017E2D6 /* LaunchScreen.storyboard */ = {
			isa = PBXVariantGroup;
			children = (
				7579AD4D215293BF0017E2D6 /* Base */,
			);
			name = LaunchScreen.storyboard;
			sourceTree = "<group>";
		};
		7579AD4E215293BF0017E2D6 /* Main.storyboard */ = {
			isa = PBXVariantGroup;
			children = (
				7579AD4F215293BF0017E2D6 /* Base */,
			);
			name = Main.storyboard;
			sourceTree = "<group>";
		};
/* End PBXVariantGroup section */

/* Begin XCBuildConfiguration section */
		75DA2E5521456D250073C3DF /* Debug */ = {
			isa = XCBuildConfiguration;
			buildSettings = {
				ALWAYS_SEARCH_USER_PATHS = NO;
				CLANG_ANALYZER_NONNULL = YES;
				CLANG_ANALYZER_NUMBER_OBJECT_CONVERSION = YES_AGGRESSIVE;
				CLANG_CXX_LANGUAGE_STANDARD = "gnu++14";
				CLANG_CXX_LIBRARY = "libc++";
				CLANG_ENABLE_MODULES = YES;
				CLANG_ENABLE_OBJC_ARC = YES;
				CLANG_ENABLE_OBJC_WEAK = YES;
				CLANG_WARN_BLOCK_CAPTURE_AUTORELEASING = YES;
				CLANG_WARN_BOOL_CONVERSION = YES;
				CLANG_WARN_COMMA = YES;
				CLANG_WARN_CONSTANT_CONVERSION = YES;
				CLANG_WARN_DEPRECATED_OBJC_IMPLEMENTATIONS = YES;
				CLANG_WARN_DIRECT_OBJC_ISA_USAGE = YES_ERROR;
				CLANG_WARN_DOCUMENTATION_COMMENTS = YES;
				CLANG_WARN_EMPTY_BODY = YES;
				CLANG_WARN_ENUM_CONVERSION = YES;
				CLANG_WARN_INFINITE_RECURSION = YES;
				CLANG_WARN_INT_CONVERSION = YES;
				CLANG_WARN_NON_LITERAL_NULL_CONVERSION = YES;
				CLANG_WARN_OBJC_IMPLICIT_RETAIN_SELF = YES;
				CLANG_WARN_OBJC_LITERAL_CONVERSION = YES;
				CLANG_WARN_OBJC_ROOT_CLASS = YES_ERROR;
				CLANG_WARN_RANGE_LOOP_ANALYSIS = YES;
				CLANG_WARN_STRICT_PROTOTYPES = YES;
				CLANG_WARN_SUSPICIOUS_MOVE = YES;
				CLANG_WARN_UNGUARDED_AVAILABILITY = YES_AGGRESSIVE;
				CLANG_WARN_UNREACHABLE_CODE = YES;
				CLANG_WARN__DUPLICATE_METHOD_MATCH = YES;
				CODE_SIGN_IDENTITY = "iPhone Developer";
				COPY_PHASE_STRIP = NO;
				DEBUG_INFORMATION_FORMAT = dwarf;
				ENABLE_STRICT_OBJC_MSGSEND = YES;
				ENABLE_TESTABILITY = YES;
				GCC_C_LANGUAGE_STANDARD = gnu11;
				GCC_DYNAMIC_NO_PIC = NO;
				GCC_NO_COMMON_BLOCKS = YES;
				GCC_OPTIMIZATION_LEVEL = 0;
				GCC_PREPROCESSOR_DEFINITIONS = (
					"DEBUG=1",
					"$(inherited)",
				);
				GCC_WARN_64_TO_32_BIT_CONVERSION = YES;
				GCC_WARN_ABOUT_RETURN_TYPE = YES_ERROR;
				GCC_WARN_UNDECLARED_SELECTOR = YES;
				GCC_WARN_UNINITIALIZED_AUTOS = YES_AGGRESSIVE;
				GCC_WARN_UNUSED_FUNCTION = YES;
				GCC_WARN_UNUSED_VARIABLE = YES;
				IPHONEOS_DEPLOYMENT_TARGET = 12.0;
				MTL_ENABLE_DEBUG_INFO = INCLUDE_SOURCE;
				MTL_FAST_MATH = YES;
				ONLY_ACTIVE_ARCH = YES;
				SDKROOT = iphoneos;
				SWIFT_ACTIVE_COMPILATION_CONDITIONS = DEBUG;
				SWIFT_OPTIMIZATION_LEVEL = "-Onone";
			};
			name = Debug;
		};
		75DA2E5621456D250073C3DF /* Release */ = {
			isa = XCBuildConfiguration;
			buildSettings = {
				ALWAYS_SEARCH_USER_PATHS = NO;
				CLANG_ANALYZER_NONNULL = YES;
				CLANG_ANALYZER_NUMBER_OBJECT_CONVERSION = YES_AGGRESSIVE;
				CLANG_CXX_LANGUAGE_STANDARD = "gnu++14";
				CLANG_CXX_LIBRARY = "libc++";
				CLANG_ENABLE_MODULES = YES;
				CLANG_ENABLE_OBJC_ARC = YES;
				CLANG_ENABLE_OBJC_WEAK = YES;
				CLANG_WARN_BLOCK_CAPTURE_AUTORELEASING = YES;
				CLANG_WARN_BOOL_CONVERSION = YES;
				CLANG_WARN_COMMA = YES;
				CLANG_WARN_CONSTANT_CONVERSION = YES;
				CLANG_WARN_DEPRECATED_OBJC_IMPLEMENTATIONS = YES;
				CLANG_WARN_DIRECT_OBJC_ISA_USAGE = YES_ERROR;
				CLANG_WARN_DOCUMENTATION_COMMENTS = YES;
				CLANG_WARN_EMPTY_BODY = YES;
				CLANG_WARN_ENUM_CONVERSION = YES;
				CLANG_WARN_INFINITE_RECURSION = YES;
				CLANG_WARN_INT_CONVERSION = YES;
				CLANG_WARN_NON_LITERAL_NULL_CONVERSION = YES;
				CLANG_WARN_OBJC_IMPLICIT_RETAIN_SELF = YES;
				CLANG_WARN_OBJC_LITERAL_CONVERSION = YES;
				CLANG_WARN_OBJC_ROOT_CLASS = YES_ERROR;
				CLANG_WARN_RANGE_LOOP_ANALYSIS = YES;
				CLANG_WARN_STRICT_PROTOTYPES = YES;
				CLANG_WARN_SUSPICIOUS_MOVE = YES;
				CLANG_WARN_UNGUARDED_AVAILABILITY = YES_AGGRESSIVE;
				CLANG_WARN_UNREACHABLE_CODE = YES;
				CLANG_WARN__DUPLICATE_METHOD_MATCH = YES;
				CODE_SIGN_IDENTITY = "iPhone Developer";
				COPY_PHASE_STRIP = NO;
				DEBUG_INFORMATION_FORMAT = "dwarf-with-dsym";
				ENABLE_NS_ASSERTIONS = NO;
				ENABLE_STRICT_OBJC_MSGSEND = YES;
				GCC_C_LANGUAGE_STANDARD = gnu11;
				GCC_NO_COMMON_BLOCKS = YES;
				GCC_WARN_64_TO_32_BIT_CONVERSION = YES;
				GCC_WARN_ABOUT_RETURN_TYPE = YES_ERROR;
				GCC_WARN_UNDECLARED_SELECTOR = YES;
				GCC_WARN_UNINITIALIZED_AUTOS = YES_AGGRESSIVE;
				GCC_WARN_UNUSED_FUNCTION = YES;
				GCC_WARN_UNUSED_VARIABLE = YES;
				IPHONEOS_DEPLOYMENT_TARGET = 12.0;
				MTL_ENABLE_DEBUG_INFO = NO;
				MTL_FAST_MATH = YES;
				SDKROOT = iphoneos;
				SWIFT_COMPILATION_MODE = wholemodule;
				SWIFT_OPTIMIZATION_LEVEL = "-O";
				VALIDATE_PRODUCT = YES;
			};
			name = Release;
		};
		75DA2E5821456D250073C3DF /* Debug */ = {
			isa = XCBuildConfiguration;
			baseConfigurationReference = E146958556EC9BAE5344F255 /* Pods-CardInput.debug.xcconfig */;
			buildSettings = {
				ASSETCATALOG_COMPILER_APPICON_NAME = AppIcon;
				CODE_SIGN_STYLE = Automatic;
				DEVELOPMENT_TEAM = 8636MVV979;
				INFOPLIST_FILE = "$(SRCROOT)/Demo/Info.plist";
				IPHONEOS_DEPLOYMENT_TARGET = 10.0;
				LD_RUNPATH_SEARCH_PATHS = (
					"$(inherited)",
					"@executable_path/Frameworks",
				);
				PRODUCT_BUNDLE_IDENTIFIER = com.mp.CardInput;
				PRODUCT_NAME = "$(TARGET_NAME)";
				SWIFT_VERSION = 4.2;
				TARGETED_DEVICE_FAMILY = "1,2";
			};
			name = Debug;
		};
		75DA2E5921456D250073C3DF /* Release */ = {
			isa = XCBuildConfiguration;
			baseConfigurationReference = 2647B34702D20D7F1587A4C6 /* Pods-CardInput.release.xcconfig */;
			buildSettings = {
				ASSETCATALOG_COMPILER_APPICON_NAME = AppIcon;
				CODE_SIGN_STYLE = Automatic;
				DEVELOPMENT_TEAM = 8636MVV979;
				INFOPLIST_FILE = "$(SRCROOT)/Demo/Info.plist";
				IPHONEOS_DEPLOYMENT_TARGET = 10.0;
				LD_RUNPATH_SEARCH_PATHS = (
					"$(inherited)",
					"@executable_path/Frameworks",
				);
				PRODUCT_BUNDLE_IDENTIFIER = com.mp.CardInput;
				PRODUCT_NAME = "$(TARGET_NAME)";
				SWIFT_VERSION = 4.2;
				TARGETED_DEVICE_FAMILY = "1,2";
			};
			name = Release;
		};
		75DA2E5B21456D250073C3DF /* Debug */ = {
			isa = XCBuildConfiguration;
			buildSettings = {
				ALWAYS_EMBED_SWIFT_STANDARD_LIBRARIES = YES;
				BUNDLE_LOADER = "$(TEST_HOST)";
				CODE_SIGN_STYLE = Automatic;
				DEVELOPMENT_TEAM = 8636MVV979;
				INFOPLIST_FILE = CardInputTests/Info.plist;
				LD_RUNPATH_SEARCH_PATHS = (
					"$(inherited)",
					"@executable_path/Frameworks",
					"@loader_path/Frameworks",
				);
				PRODUCT_BUNDLE_IDENTIFIER = com.mp.CardInputTests;
				PRODUCT_NAME = "$(TARGET_NAME)";
				SWIFT_VERSION = 4.2;
				TARGETED_DEVICE_FAMILY = "1,2";
				TEST_HOST = "$(BUILT_PRODUCTS_DIR)/CardInput.app/CardInput";
			};
			name = Debug;
		};
		75DA2E5C21456D250073C3DF /* Release */ = {
			isa = XCBuildConfiguration;
			buildSettings = {
				ALWAYS_EMBED_SWIFT_STANDARD_LIBRARIES = YES;
				BUNDLE_LOADER = "$(TEST_HOST)";
				CODE_SIGN_STYLE = Automatic;
				DEVELOPMENT_TEAM = 8636MVV979;
				INFOPLIST_FILE = CardInputTests/Info.plist;
				LD_RUNPATH_SEARCH_PATHS = (
					"$(inherited)",
					"@executable_path/Frameworks",
					"@loader_path/Frameworks",
				);
				PRODUCT_BUNDLE_IDENTIFIER = com.mp.CardInputTests;
				PRODUCT_NAME = "$(TARGET_NAME)";
				SWIFT_VERSION = 4.2;
				TARGETED_DEVICE_FAMILY = "1,2";
				TEST_HOST = "$(BUILT_PRODUCTS_DIR)/CardInput.app/CardInput";
			};
			name = Release;
		};
		75DA2E5E21456D250073C3DF /* Debug */ = {
			isa = XCBuildConfiguration;
			buildSettings = {
				ALWAYS_EMBED_SWIFT_STANDARD_LIBRARIES = YES;
				CODE_SIGN_STYLE = Automatic;
				DEVELOPMENT_TEAM = 8636MVV979;
				INFOPLIST_FILE = CardInputUITests/Info.plist;
				LD_RUNPATH_SEARCH_PATHS = (
					"$(inherited)",
					"@executable_path/Frameworks",
					"@loader_path/Frameworks",
				);
				PRODUCT_BUNDLE_IDENTIFIER = com.mp.CardInputUITests;
				PRODUCT_NAME = "$(TARGET_NAME)";
				SWIFT_VERSION = 4.2;
				TARGETED_DEVICE_FAMILY = "1,2";
				TEST_TARGET_NAME = CardInput;
			};
			name = Debug;
		};
		75DA2E5F21456D250073C3DF /* Release */ = {
			isa = XCBuildConfiguration;
			buildSettings = {
				ALWAYS_EMBED_SWIFT_STANDARD_LIBRARIES = YES;
				CODE_SIGN_STYLE = Automatic;
				DEVELOPMENT_TEAM = 8636MVV979;
				INFOPLIST_FILE = CardInputUITests/Info.plist;
				LD_RUNPATH_SEARCH_PATHS = (
					"$(inherited)",
					"@executable_path/Frameworks",
					"@loader_path/Frameworks",
				);
				PRODUCT_BUNDLE_IDENTIFIER = com.mp.CardInputUITests;
				PRODUCT_NAME = "$(TARGET_NAME)";
				SWIFT_VERSION = 4.2;
				TARGETED_DEVICE_FAMILY = "1,2";
				TEST_TARGET_NAME = CardInput;
			};
			name = Release;
		};
/* End XCBuildConfiguration section */

/* Begin XCConfigurationList section */
		75DA2E2A21456D220073C3DF /* Build configuration list for PBXProject "CardInput" */ = {
			isa = XCConfigurationList;
			buildConfigurations = (
				75DA2E5521456D250073C3DF /* Debug */,
				75DA2E5621456D250073C3DF /* Release */,
			);
			defaultConfigurationIsVisible = 0;
			defaultConfigurationName = Release;
		};
		75DA2E5721456D250073C3DF /* Build configuration list for PBXNativeTarget "CardInput" */ = {
			isa = XCConfigurationList;
			buildConfigurations = (
				75DA2E5821456D250073C3DF /* Debug */,
				75DA2E5921456D250073C3DF /* Release */,
			);
			defaultConfigurationIsVisible = 0;
			defaultConfigurationName = Release;
		};
		75DA2E5A21456D250073C3DF /* Build configuration list for PBXNativeTarget "CardInputTests" */ = {
			isa = XCConfigurationList;
			buildConfigurations = (
				75DA2E5B21456D250073C3DF /* Debug */,
				75DA2E5C21456D250073C3DF /* Release */,
			);
			defaultConfigurationIsVisible = 0;
			defaultConfigurationName = Release;
		};
		75DA2E5D21456D250073C3DF /* Build configuration list for PBXNativeTarget "CardInputUITests" */ = {
			isa = XCConfigurationList;
			buildConfigurations = (
				75DA2E5E21456D250073C3DF /* Debug */,
				75DA2E5F21456D250073C3DF /* Release */,
			);
			defaultConfigurationIsVisible = 0;
			defaultConfigurationName = Release;
		};
/* End XCConfigurationList section */
	};
	rootObject = 75DA2E2721456D220073C3DF /* Project object */;
}
