// !$*UTF8*$!
{
	archiveVersion = 1;
	classes = {
	};
	objectVersion = 50;
	objects = {

/* Begin PBXBuildFile section */
		7533AC6D215933FD003F5BDE /* ViewController.swift in Sources */ = {isa = PBXBuildFile; fileRef = 7533AC65215933FD003F5BDE /* ViewController.swift */; };
		7533AC6F215933FD003F5BDE /* LaunchScreen.storyboard in Resources */ = {isa = PBXBuildFile; fileRef = 7533AC67215933FD003F5BDE /* LaunchScreen.storyboard */; };
		7533AC70215933FD003F5BDE /* Main.storyboard in Resources */ = {isa = PBXBuildFile; fileRef = 7533AC69215933FD003F5BDE /* Main.storyboard */; };
		7533AC71215933FD003F5BDE /* AppDelegate.swift in Sources */ = {isa = PBXBuildFile; fileRef = 7533AC6B215933FD003F5BDE /* AppDelegate.swift */; };
		D41B3B25371ECAFB610F0B1F /* Pods_CardInputExample.framework in Frameworks */ = {isa = PBXBuildFile; fileRef = CEB6389E37BA44549320F69B /* Pods_CardInputExample.framework */; };
/* End PBXBuildFile section */

/* Begin PBXFileReference section */
		2647B34702D20D7F1587A4C6 /* Pods-CardInput.release.xcconfig */ = {isa = PBXFileReference; includeInIndex = 1; lastKnownFileType = text.xcconfig; name = "Pods-CardInput.release.xcconfig"; path = "Pods/Target Support Files/Pods-CardInput/Pods-CardInput.release.xcconfig"; sourceTree = "<group>"; };
		3CC4F779F95C830A4048DD91 /* Pods-CardInputExample.debug.xcconfig */ = {isa = PBXFileReference; includeInIndex = 1; lastKnownFileType = text.xcconfig; name = "Pods-CardInputExample.debug.xcconfig"; path = "Pods/Target Support Files/Pods-CardInputExample/Pods-CardInputExample.debug.xcconfig"; sourceTree = "<group>"; };
		7533AC65215933FD003F5BDE /* ViewController.swift */ = {isa = PBXFileReference; fileEncoding = 4; lastKnownFileType = sourcecode.swift; path = ViewController.swift; sourceTree = "<group>"; };
		7533AC68215933FD003F5BDE /* Base */ = {isa = PBXFileReference; lastKnownFileType = file.storyboard; name = Base; path = Base.lproj/LaunchScreen.storyboard; sourceTree = "<group>"; };
		7533AC6A215933FD003F5BDE /* Base */ = {isa = PBXFileReference; lastKnownFileType = file.storyboard; name = Base; path = Base.lproj/Main.storyboard; sourceTree = "<group>"; };
		7533AC6B215933FD003F5BDE /* AppDelegate.swift */ = {isa = PBXFileReference; fileEncoding = 4; lastKnownFileType = sourcecode.swift; path = AppDelegate.swift; sourceTree = "<group>"; };
		7533AC6C215933FD003F5BDE /* Info.plist */ = {isa = PBXFileReference; fileEncoding = 4; lastKnownFileType = text.plist.xml; path = Info.plist; sourceTree = "<group>"; };
		75DA2E2F21456D220073C3DF /* CardInputExample.app */ = {isa = PBXFileReference; explicitFileType = wrapper.application; includeInIndex = 0; path = CardInputExample.app; sourceTree = BUILT_PRODUCTS_DIR; };
		9016CB593A480A353A38EB86 /* Pods-CardInputExample.release.xcconfig */ = {isa = PBXFileReference; includeInIndex = 1; lastKnownFileType = text.xcconfig; name = "Pods-CardInputExample.release.xcconfig"; path = "Pods/Target Support Files/Pods-CardInputExample/Pods-CardInputExample.release.xcconfig"; sourceTree = "<group>"; };
		CB732BF281A8E501E206D4CB /* Pods_CardInput.framework */ = {isa = PBXFileReference; explicitFileType = wrapper.framework; includeInIndex = 0; path = Pods_CardInput.framework; sourceTree = BUILT_PRODUCTS_DIR; };
		CEB6389E37BA44549320F69B /* Pods_CardInputExample.framework */ = {isa = PBXFileReference; explicitFileType = wrapper.framework; includeInIndex = 0; path = Pods_CardInputExample.framework; sourceTree = BUILT_PRODUCTS_DIR; };
		E146958556EC9BAE5344F255 /* Pods-CardInput.debug.xcconfig */ = {isa = PBXFileReference; includeInIndex = 1; lastKnownFileType = text.xcconfig; name = "Pods-CardInput.debug.xcconfig"; path = "Pods/Target Support Files/Pods-CardInput/Pods-CardInput.debug.xcconfig"; sourceTree = "<group>"; };
/* End PBXFileReference section */

/* Begin PBXFrameworksBuildPhase section */
		75DA2E2C21456D220073C3DF /* Frameworks */ = {
			isa = PBXFrameworksBuildPhase;
			buildActionMask = 2147483647;
			files = (
				D41B3B25371ECAFB610F0B1F /* Pods_CardInputExample.framework in Frameworks */,
			);
			runOnlyForDeploymentPostprocessing = 0;
		};
/* End PBXFrameworksBuildPhase section */

/* Begin PBXGroup section */
		7533AC64215933FD003F5BDE /* CardInputExample */ = {
			isa = PBXGroup;
			children = (
				7533AC65215933FD003F5BDE /* ViewController.swift */,
				7533AC67215933FD003F5BDE /* LaunchScreen.storyboard */,
				7533AC69215933FD003F5BDE /* Main.storyboard */,
				7533AC6B215933FD003F5BDE /* AppDelegate.swift */,
				7533AC6C215933FD003F5BDE /* Info.plist */,
			);
			path = CardInputExample;
			sourceTree = "<group>";
		};
		75DA2E2621456D220073C3DF = {
			isa = PBXGroup;
			children = (
				7533AC64215933FD003F5BDE /* CardInputExample */,
				75DA2E3021456D220073C3DF /* Products */,
				AAEB11691C0EE9713EF4C5A5 /* Pods */,
				BCF97EB4995D95EA9C641C23 /* Frameworks */,
			);
			sourceTree = "<group>";
		};
		75DA2E3021456D220073C3DF /* Products */ = {
			isa = PBXGroup;
			children = (
				75DA2E2F21456D220073C3DF /* CardInputExample.app */,
			);
			name = Products;
			sourceTree = "<group>";
		};
		AAEB11691C0EE9713EF4C5A5 /* Pods */ = {
			isa = PBXGroup;
			children = (
				E146958556EC9BAE5344F255 /* Pods-CardInput.debug.xcconfig */,
				2647B34702D20D7F1587A4C6 /* Pods-CardInput.release.xcconfig */,
				3CC4F779F95C830A4048DD91 /* Pods-CardInputExample.debug.xcconfig */,
				9016CB593A480A353A38EB86 /* Pods-CardInputExample.release.xcconfig */,
			);
			name = Pods;
			sourceTree = "<group>";
		};
		BCF97EB4995D95EA9C641C23 /* Frameworks */ = {
			isa = PBXGroup;
			children = (
				CB732BF281A8E501E206D4CB /* Pods_CardInput.framework */,
				CEB6389E37BA44549320F69B /* Pods_CardInputExample.framework */,
			);
			name = Frameworks;
			sourceTree = "<group>";
		};
/* End PBXGroup section */

/* Begin PBXNativeTarget section */
		75DA2E2E21456D220073C3DF /* CardInputExample */ = {
			isa = PBXNativeTarget;
			buildConfigurationList = 75DA2E5721456D250073C3DF /* Build configuration list for PBXNativeTarget "CardInputExample" */;
			buildPhases = (
				B6C994082FE98C9CC64CCD14 /* [CP] Check Pods Manifest.lock */,
				75DA2E2B21456D220073C3DF /* Sources */,
				75DA2E2C21456D220073C3DF /* Frameworks */,
				75DA2E2D21456D220073C3DF /* Resources */,
				5D132B1B35B7120E00CA4671 /* [CP] Embed Pods Frameworks */,
			);
			buildRules = (
			);
			dependencies = (
			);
			name = CardInputExample;
			productName = CardInput;
			productReference = 75DA2E2F21456D220073C3DF /* CardInputExample.app */;
			productType = "com.apple.product-type.application";
		};
/* End PBXNativeTarget section */

/* Begin PBXProject section */
		75DA2E2721456D220073C3DF /* Project object */ = {
			isa = PBXProject;
			attributes = {
				LastSwiftUpdateCheck = 1000;
				LastUpgradeCheck = 1000;
				ORGANIZATIONNAME = "Mahmut Pınarbaşı";
				TargetAttributes = {
					75DA2E2E21456D220073C3DF = {
						CreatedOnToolsVersion = 10.0;
					};
				};
			};
			buildConfigurationList = 75DA2E2A21456D220073C3DF /* Build configuration list for PBXProject "CardInputExample" */;
			compatibilityVersion = "Xcode 9.3";
			developmentRegion = en;
			hasScannedForEncodings = 0;
			knownRegions = (
				en,
				Base,
			);
			mainGroup = 75DA2E2621456D220073C3DF;
			productRefGroup = 75DA2E3021456D220073C3DF /* Products */;
			projectDirPath = "";
			projectRoot = "";
			targets = (
				75DA2E2E21456D220073C3DF /* CardInputExample */,
			);
		};
/* End PBXProject section */

/* Begin PBXResourcesBuildPhase section */
		75DA2E2D21456D220073C3DF /* Resources */ = {
			isa = PBXResourcesBuildPhase;
			buildActionMask = 2147483647;
			files = (
				7533AC70215933FD003F5BDE /* Main.storyboard in Resources */,
				7533AC6F215933FD003F5BDE /* LaunchScreen.storyboard in Resources */,
			);
			runOnlyForDeploymentPostprocessing = 0;
		};
/* End PBXResourcesBuildPhase section */

/* Begin PBXShellScriptBuildPhase section */
		5D132B1B35B7120E00CA4671 /* [CP] Embed Pods Frameworks */ = {
			isa = PBXShellScriptBuildPhase;
			buildActionMask = 2147483647;
			files = (
			);
			inputPaths = (
				"${SRCROOT}/Pods/Target Support Files/Pods-CardInputExample/Pods-CardInputExample-frameworks.sh",
				"${BUILT_PRODUCTS_DIR}/AKMaskField/AKMaskField.framework",
				"${BUILT_PRODUCTS_DIR}/CardInput/CardInput.framework",
			);
			name = "[CP] Embed Pods Frameworks";
			outputPaths = (
				"${TARGET_BUILD_DIR}/${FRAMEWORKS_FOLDER_PATH}/AKMaskField.framework",
				"${TARGET_BUILD_DIR}/${FRAMEWORKS_FOLDER_PATH}/CardInput.framework",
			);
			runOnlyForDeploymentPostprocessing = 0;
			shellPath = /bin/sh;
			shellScript = "\"${SRCROOT}/Pods/Target Support Files/Pods-CardInputExample/Pods-CardInputExample-frameworks.sh\"\n";
			showEnvVarsInLog = 0;
		};
		B6C994082FE98C9CC64CCD14 /* [CP] Check Pods Manifest.lock */ = {
			isa = PBXShellScriptBuildPhase;
			buildActionMask = 2147483647;
			files = (
			);
			inputPaths = (
				"${PODS_PODFILE_DIR_PATH}/Podfile.lock",
				"${PODS_ROOT}/Manifest.lock",
			);
			name = "[CP] Check Pods Manifest.lock";
			outputPaths = (
				"$(DERIVED_FILE_DIR)/Pods-CardInputExample-checkManifestLockResult.txt",
			);
			runOnlyForDeploymentPostprocessing = 0;
			shellPath = /bin/sh;
			shellScript = "diff \"${PODS_PODFILE_DIR_PATH}/Podfile.lock\" \"${PODS_ROOT}/Manifest.lock\" > /dev/null\nif [ $? != 0 ] ; then\n    # print error to STDERR\n    echo \"error: The sandbox is not in sync with the Podfile.lock. Run 'pod install' or update your CocoaPods installation.\" >&2\n    exit 1\nfi\n# This output is used by Xcode 'outputs' to avoid re-running this script phase.\necho \"SUCCESS\" > \"${SCRIPT_OUTPUT_FILE_0}\"\n";
			showEnvVarsInLog = 0;
		};
/* End PBXShellScriptBuildPhase section */

/* Begin PBXSourcesBuildPhase section */
		75DA2E2B21456D220073C3DF /* Sources */ = {
			isa = PBXSourcesBuildPhase;
			buildActionMask = 2147483647;
			files = (
				7533AC71215933FD003F5BDE /* AppDelegate.swift in Sources */,
				7533AC6D215933FD003F5BDE /* ViewController.swift in Sources */,
			);
			runOnlyForDeploymentPostprocessing = 0;
		};
/* End PBXSourcesBuildPhase section */

/* Begin PBXVariantGroup section */
		7533AC67215933FD003F5BDE /* LaunchScreen.storyboard */ = {
			isa = PBXVariantGroup;
			children = (
				7533AC68215933FD003F5BDE /* Base */,
			);
			name = LaunchScreen.storyboard;
			sourceTree = "<group>";
		};
		7533AC69215933FD003F5BDE /* Main.storyboard */ = {
			isa = PBXVariantGroup;
			children = (
				7533AC6A215933FD003F5BDE /* Base */,
			);
			name = Main.storyboard;
			sourceTree = "<group>";
		};
/* End PBXVariantGroup section */

/* Begin XCBuildConfiguration section */
		75DA2E5521456D250073C3DF /* Debug */ = {
			isa = XCBuildConfiguration;
			buildSettings = {
				ALWAYS_SEARCH_USER_PATHS = NO;
				CLANG_ANALYZER_NONNULL = YES;
				CLANG_ANALYZER_NUMBER_OBJECT_CONVERSION = YES_AGGRESSIVE;
				CLANG_CXX_LANGUAGE_STANDARD = "gnu++14";
				CLANG_CXX_LIBRARY = "libc++";
				CLANG_ENABLE_MODULES = YES;
				CLANG_ENABLE_OBJC_ARC = YES;
				CLANG_ENABLE_OBJC_WEAK = YES;
				CLANG_WARN_BLOCK_CAPTURE_AUTORELEASING = YES;
				CLANG_WARN_BOOL_CONVERSION = YES;
				CLANG_WARN_COMMA = YES;
				CLANG_WARN_CONSTANT_CONVERSION = YES;
				CLANG_WARN_DEPRECATED_OBJC_IMPLEMENTATIONS = YES;
				CLANG_WARN_DIRECT_OBJC_ISA_USAGE = YES_ERROR;
				CLANG_WARN_DOCUMENTATION_COMMENTS = YES;
				CLANG_WARN_EMPTY_BODY = YES;
				CLANG_WARN_ENUM_CONVERSION = YES;
				CLANG_WARN_INFINITE_RECURSION = YES;
				CLANG_WARN_INT_CONVERSION = YES;
				CLANG_WARN_NON_LITERAL_NULL_CONVERSION = YES;
				CLANG_WARN_OBJC_IMPLICIT_RETAIN_SELF = YES;
				CLANG_WARN_OBJC_LITERAL_CONVERSION = YES;
				CLANG_WARN_OBJC_ROOT_CLASS = YES_ERROR;
				CLANG_WARN_RANGE_LOOP_ANALYSIS = YES;
				CLANG_WARN_STRICT_PROTOTYPES = YES;
				CLANG_WARN_SUSPICIOUS_MOVE = YES;
				CLANG_WARN_UNGUARDED_AVAILABILITY = YES_AGGRESSIVE;
				CLANG_WARN_UNREACHABLE_CODE = YES;
				CLANG_WARN__DUPLICATE_METHOD_MATCH = YES;
				CODE_SIGN_IDENTITY = "iPhone Developer";
				COPY_PHASE_STRIP = NO;
				DEBUG_INFORMATION_FORMAT = dwarf;
				ENABLE_STRICT_OBJC_MSGSEND = YES;
				ENABLE_TESTABILITY = YES;
				GCC_C_LANGUAGE_STANDARD = gnu11;
				GCC_DYNAMIC_NO_PIC = NO;
				GCC_NO_COMMON_BLOCKS = YES;
				GCC_OPTIMIZATION_LEVEL = 0;
				GCC_PREPROCESSOR_DEFINITIONS = (
					"DEBUG=1",
					"$(inherited)",
				);
				GCC_WARN_64_TO_32_BIT_CONVERSION = YES;
				GCC_WARN_ABOUT_RETURN_TYPE = YES_ERROR;
				GCC_WARN_UNDECLARED_SELECTOR = YES;
				GCC_WARN_UNINITIALIZED_AUTOS = YES_AGGRESSIVE;
				GCC_WARN_UNUSED_FUNCTION = YES;
				GCC_WARN_UNUSED_VARIABLE = YES;
				IPHONEOS_DEPLOYMENT_TARGET = 12.0;
				MTL_ENABLE_DEBUG_INFO = INCLUDE_SOURCE;
				MTL_FAST_MATH = YES;
				ONLY_ACTIVE_ARCH = YES;
				SDKROOT = iphoneos;
				SWIFT_ACTIVE_COMPILATION_CONDITIONS = DEBUG;
				SWIFT_OPTIMIZATION_LEVEL = "-Onone";
			};
			name = Debug;
		};
		75DA2E5621456D250073C3DF /* Release */ = {
			isa = XCBuildConfiguration;
			buildSettings = {
				ALWAYS_SEARCH_USER_PATHS = NO;
				CLANG_ANALYZER_NONNULL = YES;
				CLANG_ANALYZER_NUMBER_OBJECT_CONVERSION = YES_AGGRESSIVE;
				CLANG_CXX_LANGUAGE_STANDARD = "gnu++14";
				CLANG_CXX_LIBRARY = "libc++";
				CLANG_ENABLE_MODULES = YES;
				CLANG_ENABLE_OBJC_ARC = YES;
				CLANG_ENABLE_OBJC_WEAK = YES;
				CLANG_WARN_BLOCK_CAPTURE_AUTORELEASING = YES;
				CLANG_WARN_BOOL_CONVERSION = YES;
				CLANG_WARN_COMMA = YES;
				CLANG_WARN_CONSTANT_CONVERSION = YES;
				CLANG_WARN_DEPRECATED_OBJC_IMPLEMENTATIONS = YES;
				CLANG_WARN_DIRECT_OBJC_ISA_USAGE = YES_ERROR;
				CLANG_WARN_DOCUMENTATION_COMMENTS = YES;
				CLANG_WARN_EMPTY_BODY = YES;
				CLANG_WARN_ENUM_CONVERSION = YES;
				CLANG_WARN_INFINITE_RECURSION = YES;
				CLANG_WARN_INT_CONVERSION = YES;
				CLANG_WARN_NON_LITERAL_NULL_CONVERSION = YES;
				CLANG_WARN_OBJC_IMPLICIT_RETAIN_SELF = YES;
				CLANG_WARN_OBJC_LITERAL_CONVERSION = YES;
				CLANG_WARN_OBJC_ROOT_CLASS = YES_ERROR;
				CLANG_WARN_RANGE_LOOP_ANALYSIS = YES;
				CLANG_WARN_STRICT_PROTOTYPES = YES;
				CLANG_WARN_SUSPICIOUS_MOVE = YES;
				CLANG_WARN_UNGUARDED_AVAILABILITY = YES_AGGRESSIVE;
				CLANG_WARN_UNREACHABLE_CODE = YES;
				CLANG_WARN__DUPLICATE_METHOD_MATCH = YES;
				CODE_SIGN_IDENTITY = "iPhone Developer";
				COPY_PHASE_STRIP = NO;
				DEBUG_INFORMATION_FORMAT = "dwarf-with-dsym";
				ENABLE_NS_ASSERTIONS = NO;
				ENABLE_STRICT_OBJC_MSGSEND = YES;
				GCC_C_LANGUAGE_STANDARD = gnu11;
				GCC_NO_COMMON_BLOCKS = YES;
				GCC_WARN_64_TO_32_BIT_CONVERSION = YES;
				GCC_WARN_ABOUT_RETURN_TYPE = YES_ERROR;
				GCC_WARN_UNDECLARED_SELECTOR = YES;
				GCC_WARN_UNINITIALIZED_AUTOS = YES_AGGRESSIVE;
				GCC_WARN_UNUSED_FUNCTION = YES;
				GCC_WARN_UNUSED_VARIABLE = YES;
				IPHONEOS_DEPLOYMENT_TARGET = 12.0;
				MTL_ENABLE_DEBUG_INFO = NO;
				MTL_FAST_MATH = YES;
				SDKROOT = iphoneos;
				SWIFT_COMPILATION_MODE = wholemodule;
				SWIFT_OPTIMIZATION_LEVEL = "-O";
				VALIDATE_PRODUCT = YES;
			};
			name = Release;
		};
		75DA2E5821456D250073C3DF /* Debug */ = {
			isa = XCBuildConfiguration;
			baseConfigurationReference = 3CC4F779F95C830A4048DD91 /* Pods-CardInputExample.debug.xcconfig */;
			buildSettings = {
				ASSETCATALOG_COMPILER_APPICON_NAME = AppIcon;
				CODE_SIGN_STYLE = Automatic;
				DEVELOPMENT_TEAM = 8636MVV979;
				INFOPLIST_FILE = "$(SRCROOT)/CardInputExample/Info.plist";
				IPHONEOS_DEPLOYMENT_TARGET = 10.0;
				LD_RUNPATH_SEARCH_PATHS = (
					"$(inherited)",
					"@executable_path/Frameworks",
				);
				PRODUCT_BUNDLE_IDENTIFIER = com.mp.CardInput;
				PRODUCT_NAME = "$(TARGET_NAME)";
				SWIFT_VERSION = 4.2;
				TARGETED_DEVICE_FAMILY = "1,2";
			};
			name = Debug;
		};
		75DA2E5921456D250073C3DF /* Release */ = {
			isa = XCBuildConfiguration;
			baseConfigurationReference = 9016CB593A480A353A38EB86 /* Pods-CardInputExample.release.xcconfig */;
			buildSettings = {
				ASSETCATALOG_COMPILER_APPICON_NAME = AppIcon;
				CODE_SIGN_STYLE = Automatic;
				DEVELOPMENT_TEAM = 8636MVV979;
				INFOPLIST_FILE = "$(SRCROOT)/CardInputExample/Info.plist";
				IPHONEOS_DEPLOYMENT_TARGET = 10.0;
				LD_RUNPATH_SEARCH_PATHS = (
					"$(inherited)",
					"@executable_path/Frameworks",
				);
				PRODUCT_BUNDLE_IDENTIFIER = com.mp.CardInput;
				PRODUCT_NAME = "$(TARGET_NAME)";
				SWIFT_VERSION = 4.2;
				TARGETED_DEVICE_FAMILY = "1,2";
			};
			name = Release;
		};
/* End XCBuildConfiguration section */

/* Begin XCConfigurationList section */
		75DA2E2A21456D220073C3DF /* Build configuration list for PBXProject "CardInputExample" */ = {
			isa = XCConfigurationList;
			buildConfigurations = (
				75DA2E5521456D250073C3DF /* Debug */,
				75DA2E5621456D250073C3DF /* Release */,
			);
			defaultConfigurationIsVisible = 0;
			defaultConfigurationName = Release;
		};
		75DA2E5721456D250073C3DF /* Build configuration list for PBXNativeTarget "CardInputExample" */ = {
			isa = XCConfigurationList;
			buildConfigurations = (
				75DA2E5821456D250073C3DF /* Debug */,
				75DA2E5921456D250073C3DF /* Release */,
			);
			defaultConfigurationIsVisible = 0;
			defaultConfigurationName = Release;
		};
/* End XCConfigurationList section */
	};
	rootObject = 75DA2E2721456D220073C3DF /* Project object */;
}
